
Microsoft Visual Studio Solution File, Format Version 12.00
# Visual Studio 15
Project("{FAE04EC0-301F-11D3-BF4B-00C04F79EFBC}") = "Assembly-CSharp", "Assembly-CSharp.csproj", "{84D7D7A1-BC34-C52B-F77D-04D04EF6D988}"
EndProject
Project("{FAE04EC0-301F-11D3-BF4B-00C04F79EFBC}") = "Assembly-CSharp-Editor", "Assembly-CSharp-Editor.csproj", "{6E82C3CA-22E1-F5E7-768B-A550A99BDA13}"
EndProject
Global
	GlobalSection(SolutionConfigurationPlatforms) = preSolution
		Debug|Any CPU = Debug|Any CPU
		Release|Any CPU = Release|Any CPU
	EndGlobalSection
	GlobalSection(ProjectConfigurationPlatforms) = postSolution
		{84D7D7A1-BC34-C52B-F77D-04D04EF6D988}.Debug|Any CPU.ActiveCfg = Debug|Any CPU
		{84D7D7A1-BC34-C52B-F77D-04D04EF6D988}.Debug|Any CPU.Build.0 = Debug|Any CPU
		{84D7D7A1-BC34-C52B-F77D-04D04EF6D988}.Release|Any CPU.ActiveCfg = Release|Any CPU
		{84D7D7A1-BC34-C52B-F77D-04D04EF6D988}.Release|Any CPU.Build.0 = Release|Any CPU
		{6E82C3CA-22E1-F5E7-768B-A550A99BDA13}.Debug|Any CPU.ActiveCfg = Debug|Any CPU
		{6E82C3CA-22E1-F5E7-768B-A550A99BDA13}.Debug|Any CPU.Build.0 = Debug|Any CPU
		{6E82C3CA-22E1-F5E7-768B-A550A99BDA13}.Release|Any CPU.ActiveCfg = Release|Any CPU
		{6E82C3CA-22E1-F5E7-768B-A550A99BDA13}.Release|Any CPU.Build.0 = Release|Any CPU
	EndGlobalSection
	GlobalSection(SolutionProperties) = preSolution
		HideSolutionNode = FALSE
	EndGlobalSection
EndGlobal
